// !$*UTF8*$!
{
	archiveVersion = 1;
	classes = {
	};
	objectVersion = 46;
	objects = {

/* Begin PBXBuildFile section */
		0EF32E92CD78F5401B04D7F1 /* Pods_Drones_on_Ice_Mobile.framework in Frameworks */ = {isa = PBXBuildFile; fileRef = B10931B9C476AE3E6A9E0DCB /* Pods_Drones_on_Ice_Mobile.framework */; };
		9441725F1D88B61400DDF31A /* AppDelegate.swift in Sources */ = {isa = PBXBuildFile; fileRef = 9441725E1D88B61400DDF31A /* AppDelegate.swift */; };
		944172611D88B61400DDF31A /* ViewController.swift in Sources */ = {isa = PBXBuildFile; fileRef = 944172601D88B61400DDF31A /* ViewController.swift */; };
		944172641D88B61500DDF31A /* Main.storyboard in Resources */ = {isa = PBXBuildFile; fileRef = 944172621D88B61500DDF31A /* Main.storyboard */; };
		944172661D88B61500DDF31A /* Assets.xcassets in Resources */ = {isa = PBXBuildFile; fileRef = 944172651D88B61500DDF31A /* Assets.xcassets */; };
		944172691D88B61500DDF31A /* LaunchScreen.storyboard in Resources */ = {isa = PBXBuildFile; fileRef = 944172671D88B61500DDF31A /* LaunchScreen.storyboard */; };
/* End PBXBuildFile section */

/* Begin PBXFileReference section */
		9441725B1D88B61400DDF31A /* Drones on Ice Mobile.app */ = {isa = PBXFileReference; explicitFileType = wrapper.application; includeInIndex = 0; path = "Drones on Ice Mobile.app"; sourceTree = BUILT_PRODUCTS_DIR; };
		9441725E1D88B61400DDF31A /* AppDelegate.swift */ = {isa = PBXFileReference; lastKnownFileType = sourcecode.swift; path = AppDelegate.swift; sourceTree = "<group>"; };
		944172601D88B61400DDF31A /* ViewController.swift */ = {isa = PBXFileReference; lastKnownFileType = sourcecode.swift; path = ViewController.swift; sourceTree = "<group>"; };
		944172631D88B61500DDF31A /* Base */ = {isa = PBXFileReference; lastKnownFileType = file.storyboard; name = Base; path = Base.lproj/Main.storyboard; sourceTree = "<group>"; };
		944172651D88B61500DDF31A /* Assets.xcassets */ = {isa = PBXFileReference; lastKnownFileType = folder.assetcatalog; path = Assets.xcassets; sourceTree = "<group>"; };
		944172681D88B61500DDF31A /* Base */ = {isa = PBXFileReference; lastKnownFileType = file.storyboard; name = Base; path = Base.lproj/LaunchScreen.storyboard; sourceTree = "<group>"; };
		9441726A1D88B61500DDF31A /* Info.plist */ = {isa = PBXFileReference; lastKnownFileType = text.plist.xml; path = Info.plist; sourceTree = "<group>"; };
		B10931B9C476AE3E6A9E0DCB /* Pods_Drones_on_Ice_Mobile.framework */ = {isa = PBXFileReference; explicitFileType = wrapper.framework; includeInIndex = 0; path = Pods_Drones_on_Ice_Mobile.framework; sourceTree = BUILT_PRODUCTS_DIR; };
		FF65BCBC1D64B8D3EC76085E /* Pods-Drones on Ice Mobile.debug.xcconfig */ = {isa = PBXFileReference; includeInIndex = 1; lastKnownFileType = text.xcconfig; name = "Pods-Drones on Ice Mobile.debug.xcconfig"; path = "Pods/Target Support Files/Pods-Drones on Ice Mobile/Pods-Drones on Ice Mobile.debug.xcconfig"; sourceTree = "<group>"; };
		FFC64E919FC2FFEF78FFD8C9 /* Pods-Drones on Ice Mobile.release.xcconfig */ = {isa = PBXFileReference; includeInIndex = 1; lastKnownFileType = text.xcconfig; name = "Pods-Drones on Ice Mobile.release.xcconfig"; path = "Pods/Target Support Files/Pods-Drones on Ice Mobile/Pods-Drones on Ice Mobile.release.xcconfig"; sourceTree = "<group>"; };
/* End PBXFileReference section */

/* Begin PBXFrameworksBuildPhase section */
		944172581D88B61400DDF31A /* Frameworks */ = {
			isa = PBXFrameworksBuildPhase;
			buildActionMask = 2147483647;
			files = (
				0EF32E92CD78F5401B04D7F1 /* Pods_Drones_on_Ice_Mobile.framework in Frameworks */,
			);
			runOnlyForDeploymentPostprocessing = 0;
		};
/* End PBXFrameworksBuildPhase section */

/* Begin PBXGroup section */
		1846B9F7E3113808423B23A5 /* Pods */ = {
			isa = PBXGroup;
			children = (
				FF65BCBC1D64B8D3EC76085E /* Pods-Drones on Ice Mobile.debug.xcconfig */,
				FFC64E919FC2FFEF78FFD8C9 /* Pods-Drones on Ice Mobile.release.xcconfig */,
			);
			name = Pods;
			sourceTree = "<group>";
		};
		944172521D88B61400DDF31A = {
			isa = PBXGroup;
			children = (
				9441725D1D88B61400DDF31A /* Drones on Ice Mobile */,
				9441725C1D88B61400DDF31A /* Products */,
				1846B9F7E3113808423B23A5 /* Pods */,
				CADF581308A599E90F251208 /* Frameworks */,
			);
			sourceTree = "<group>";
		};
		9441725C1D88B61400DDF31A /* Products */ = {
			isa = PBXGroup;
			children = (
				9441725B1D88B61400DDF31A /* Drones on Ice Mobile.app */,
			);
			name = Products;
			sourceTree = "<group>";
		};
		9441725D1D88B61400DDF31A /* Drones on Ice Mobile */ = {
			isa = PBXGroup;
			children = (
				9441725E1D88B61400DDF31A /* AppDelegate.swift */,
				944172601D88B61400DDF31A /* ViewController.swift */,
				944172621D88B61500DDF31A /* Main.storyboard */,
				944172651D88B61500DDF31A /* Assets.xcassets */,
				944172671D88B61500DDF31A /* LaunchScreen.storyboard */,
				9441726A1D88B61500DDF31A /* Info.plist */,
			);
			path = "Drones on Ice Mobile";
			sourceTree = "<group>";
		};
		CADF581308A599E90F251208 /* Frameworks */ = {
			isa = PBXGroup;
			children = (
				B10931B9C476AE3E6A9E0DCB /* Pods_Drones_on_Ice_Mobile.framework */,
			);
			name = Frameworks;
			sourceTree = "<group>";
		};
/* End PBXGroup section */

/* Begin PBXNativeTarget section */
		9441725A1D88B61400DDF31A /* Drones on Ice Mobile */ = {
			isa = PBXNativeTarget;
			buildConfigurationList = 9441726D1D88B61500DDF31A /* Build configuration list for PBXNativeTarget "Drones on Ice Mobile" */;
			buildPhases = (
				709AB953341E9FFDAFC19040 /* [CP] Check Pods Manifest.lock */,
				944172571D88B61400DDF31A /* Sources */,
				944172581D88B61400DDF31A /* Frameworks */,
				944172591D88B61400DDF31A /* Resources */,
				CE802896712E49B5406FAECB /* [CP] Embed Pods Frameworks */,
				C44F48C55629978852B954CA /* [CP] Copy Pods Resources */,
			);
			buildRules = (
			);
			dependencies = (
			);
			name = "Drones on Ice Mobile";
			productName = "Drones on Ice Mobile";
			productReference = 9441725B1D88B61400DDF31A /* Drones on Ice Mobile.app */;
			productType = "com.apple.product-type.application";
		};
/* End PBXNativeTarget section */

/* Begin PBXProject section */
		944172531D88B61400DDF31A /* Project object */ = {
			isa = PBXProject;
			attributes = {
				LastSwiftUpdateCheck = 0730;
				LastUpgradeCheck = 0730;
				ORGANIZATIONNAME = "CSE4471-DOI";
				TargetAttributes = {
					9441725A1D88B61400DDF31A = {
						CreatedOnToolsVersion = 7.3;
						DevelopmentTeam = DUR727DJC3;
					};
				};
			};
			buildConfigurationList = 944172561D88B61400DDF31A /* Build configuration list for PBXProject "Drones on Ice Mobile" */;
			compatibilityVersion = "Xcode 3.2";
			developmentRegion = English;
			hasScannedForEncodings = 0;
			knownRegions = (
				en,
				Base,
			);
			mainGroup = 944172521D88B61400DDF31A;
			productRefGroup = 9441725C1D88B61400DDF31A /* Products */;
			projectDirPath = "";
			projectRoot = "";
			targets = (
				9441725A1D88B61400DDF31A /* Drones on Ice Mobile */,
			);
		};
/* End PBXProject section */

/* Begin PBXResourcesBuildPhase section */
		944172591D88B61400DDF31A /* Resources */ = {
			isa = PBXResourcesBuildPhase;
			buildActionMask = 2147483647;
			files = (
				944172691D88B61500DDF31A /* LaunchScreen.storyboard in Resources */,
				944172661D88B61500DDF31A /* Assets.xcassets in Resources */,
				944172641D88B61500DDF31A /* Main.storyboard in Resources */,
			);
			runOnlyForDeploymentPostprocessing = 0;
		};
/* End PBXResourcesBuildPhase section */

/* Begin PBXShellScriptBuildPhase section */
		709AB953341E9FFDAFC19040 /* [CP] Check Pods Manifest.lock */ = {
			isa = PBXShellScriptBuildPhase;
			buildActionMask = 2147483647;
			files = (
			);
			inputPaths = (
			);
			name = "[CP] Check Pods Manifest.lock";
			outputPaths = (
			);
			runOnlyForDeploymentPostprocessing = 0;
			shellPath = /bin/sh;
			shellScript = "diff \"${PODS_ROOT}/../Podfile.lock\" \"${PODS_ROOT}/Manifest.lock\" > /dev/null\nif [[ $? != 0 ]] ; then\n    cat << EOM\nerror: The sandbox is not in sync with the Podfile.lock. Run 'pod install' or update your CocoaPods installation.\nEOM\n    exit 1\nfi\n";
			showEnvVarsInLog = 0;
		};
		C44F48C55629978852B954CA /* [CP] Copy Pods Resources */ = {
			isa = PBXShellScriptBuildPhase;
			buildActionMask = 2147483647;
			files = (
			);
			inputPaths = (
			);
			name = "[CP] Copy Pods Resources";
			outputPaths = (
			);
			runOnlyForDeploymentPostprocessing = 0;
			shellPath = /bin/sh;
			shellScript = "\"${SRCROOT}/Pods/Target Support Files/Pods-Drones on Ice Mobile/Pods-Drones on Ice Mobile-resources.sh\"\n";
			showEnvVarsInLog = 0;
		};
		CE802896712E49B5406FAECB /* [CP] Embed Pods Frameworks */ = {
			isa = PBXShellScriptBuildPhase;
			buildActionMask = 2147483647;
			files = (
			);
			inputPaths = (
			);
			name = "[CP] Embed Pods Frameworks";
			outputPaths = (
			);
			runOnlyForDeploymentPostprocessing = 0;
			shellPath = /bin/sh;
			shellScript = "\"${SRCROOT}/Pods/Target Support Files/Pods-Drones on Ice Mobile/Pods-Drones on Ice Mobile-frameworks.sh\"\n";
			showEnvVarsInLog = 0;
		};
/* End PBXShellScriptBuildPhase section */

/* Begin PBXSourcesBuildPhase section */
		944172571D88B61400DDF31A /* Sources */ = {
			isa = PBXSourcesBuildPhase;
			buildActionMask = 2147483647;
			files = (
				944172611D88B61400DDF31A /* ViewController.swift in Sources */,
				9441725F1D88B61400DDF31A /* AppDelegate.swift in Sources */,
			);
			runOnlyForDeploymentPostprocessing = 0;
		};
/* End PBXSourcesBuildPhase section */

/* Begin PBXVariantGroup section */
		944172621D88B61500DDF31A /* Main.storyboard */ = {
			isa = PBXVariantGroup;
			children = (
				944172631D88B61500DDF31A /* Base */,
			);
			name = Main.storyboard;
			sourceTree = "<group>";
		};
		944172671D88B61500DDF31A /* LaunchScreen.storyboard */ = {
			isa = PBXVariantGroup;
			children = (
				944172681D88B61500DDF31A /* Base */,
			);
			name = LaunchScreen.storyboard;
			sourceTree = "<group>";
		};
/* End PBXVariantGroup section */

/* Begin XCBuildConfiguration section */
		9441726B1D88B61500DDF31A /* Debug */ = {
			isa = XCBuildConfiguration;
			buildSettings = {
				ALWAYS_SEARCH_USER_PATHS = NO;
				CLANG_ANALYZER_NONNULL = YES;
				CLANG_CXX_LANGUAGE_STANDARD = "gnu++0x";
				CLANG_CXX_LIBRARY = "libc++";
				CLANG_ENABLE_MODULES = YES;
				CLANG_ENABLE_OBJC_ARC = YES;
				CLANG_WARN_BOOL_CONVERSION = YES;
				CLANG_WARN_CONSTANT_CONVERSION = YES;
				CLANG_WARN_DIRECT_OBJC_ISA_USAGE = YES_ERROR;
				CLANG_WARN_EMPTY_BODY = YES;
				CLANG_WARN_ENUM_CONVERSION = YES;
				CLANG_WARN_INT_CONVERSION = YES;
				CLANG_WARN_OBJC_ROOT_CLASS = YES_ERROR;
				CLANG_WARN_UNREACHABLE_CODE = YES;
				CLANG_WARN__DUPLICATE_METHOD_MATCH = YES;
				"CODE_SIGN_IDENTITY[sdk=iphoneos*]" = "iPhone Developer";
				COPY_PHASE_STRIP = NO;
				DEBUG_INFORMATION_FORMAT = dwarf;
				ENABLE_STRICT_OBJC_MSGSEND = YES;
				ENABLE_TESTABILITY = YES;
				GCC_C_LANGUAGE_STANDARD = gnu99;
				GCC_DYNAMIC_NO_PIC = NO;
				GCC_NO_COMMON_BLOCKS = YES;
				GCC_OPTIMIZATION_LEVEL = 0;
				GCC_PREPROCESSOR_DEFINITIONS = (
					"DEBUG=1",
					"$(inherited)",
				);
				GCC_WARN_64_TO_32_BIT_CONVERSION = YES;
				GCC_WARN_ABOUT_RETURN_TYPE = YES_ERROR;
				GCC_WARN_UNDECLARED_SELECTOR = YES;
				GCC_WARN_UNINITIALIZED_AUTOS = YES_AGGRESSIVE;
				GCC_WARN_UNUSED_FUNCTION = YES;
				GCC_WARN_UNUSED_VARIABLE = YES;
				IPHONEOS_DEPLOYMENT_TARGET = 9.3;
				MTL_ENABLE_DEBUG_INFO = YES;
				ONLY_ACTIVE_ARCH = YES;
				SDKROOT = iphoneos;
				SWIFT_OPTIMIZATION_LEVEL = "-Onone";
			};
			name = Debug;
		};
		9441726C1D88B61500DDF31A /* Release */ = {
			isa = XCBuildConfiguration;
			buildSettings = {
				ALWAYS_SEARCH_USER_PATHS = NO;
				CLANG_ANALYZER_NONNULL = YES;
				CLANG_CXX_LANGUAGE_STANDARD = "gnu++0x";
				CLANG_CXX_LIBRARY = "libc++";
				CLANG_ENABLE_MODULES = YES;
				CLANG_ENABLE_OBJC_ARC = YES;
				CLANG_WARN_BOOL_CONVERSION = YES;
				CLANG_WARN_CONSTANT_CONVERSION = YES;
				CLANG_WARN_DIRECT_OBJC_ISA_USAGE = YES_ERROR;
				CLANG_WARN_EMPTY_BODY = YES;
				CLANG_WARN_ENUM_CONVERSION = YES;
				CLANG_WARN_INT_CONVERSION = YES;
				CLANG_WARN_OBJC_ROOT_CLASS = YES_ERROR;
				CLANG_WARN_UNREACHABLE_CODE = YES;
				CLANG_WARN__DUPLICATE_METHOD_MATCH = YES;
				"CODE_SIGN_IDENTITY[sdk=iphoneos*]" = "iPhone Developer";
				COPY_PHASE_STRIP = NO;
				DEBUG_INFORMATION_FORMAT = "dwarf-with-dsym";
				ENABLE_NS_ASSERTIONS = NO;
				ENABLE_STRICT_OBJC_MSGSEND = YES;
				GCC_C_LANGUAGE_STANDARD = gnu99;
				GCC_NO_COMMON_BLOCKS = YES;
				GCC_WARN_64_TO_32_BIT_CONVERSION = YES;
				GCC_WARN_ABOUT_RETURN_TYPE = YES_ERROR;
				GCC_WARN_UNDECLARED_SELECTOR = YES;
				GCC_WARN_UNINITIALIZED_AUTOS = YES_AGGRESSIVE;
				GCC_WARN_UNUSED_FUNCTION = YES;
				GCC_WARN_UNUSED_VARIABLE = YES;
				IPHONEOS_DEPLOYMENT_TARGET = 9.3;
				MTL_ENABLE_DEBUG_INFO = NO;
				SDKROOT = iphoneos;
				VALIDATE_PRODUCT = YES;
			};
			name = Release;
		};
		9441726E1D88B61500DDF31A /* Debug */ = {
			isa = XCBuildConfiguration;
			baseConfigurationReference = FF65BCBC1D64B8D3EC76085E /* Pods-Drones on Ice Mobile.debug.xcconfig */;
			buildSettings = {
				ASSETCATALOG_COMPILER_APPICON_NAME = AppIcon;
				CODE_SIGN_IDENTITY = "iPhone Developer";
				INFOPLIST_FILE = "Drones on Ice Mobile/Info.plist";
				IPHONEOS_DEPLOYMENT_TARGET = 9.3;
				LD_RUNPATH_SEARCH_PATHS = "$(inherited) @executable_path/Frameworks";
				PRODUCT_BUNDLE_IDENTIFIER = "us.adamtyler.Drones-on-Ice-Mobile";
				PRODUCT_NAME = "$(TARGET_NAME)";
			};
			name = Debug;
		};
		9441726F1D88B61500DDF31A /* Release */ = {
			isa = XCBuildConfiguration;
			baseConfigurationReference = FFC64E919FC2FFEF78FFD8C9 /* Pods-Drones on Ice Mobile.release.xcconfig */;
			buildSettings = {
				ASSETCATALOG_COMPILER_APPICON_NAME = AppIcon;
				CODE_SIGN_IDENTITY = "iPhone Developer";
				INFOPLIST_FILE = "Drones on Ice Mobile/Info.plist";
				IPHONEOS_DEPLOYMENT_TARGET = 9.3;
				LD_RUNPATH_SEARCH_PATHS = "$(inherited) @executable_path/Frameworks";
				PRODUCT_BUNDLE_IDENTIFIER = "us.adamtyler.Drones-on-Ice-Mobile";
				PRODUCT_NAME = "$(TARGET_NAME)";
			};
			name = Release;
		};
/* End XCBuildConfiguration section */

/* Begin XCConfigurationList section */
		944172561D88B61400DDF31A /* Build configuration list for PBXProject "Drones on Ice Mobile" */ = {
			isa = XCConfigurationList;
			buildConfigurations = (
				9441726B1D88B61500DDF31A /* Debug */,
				9441726C1D88B61500DDF31A /* Release */,
			);
			defaultConfigurationIsVisible = 0;
			defaultConfigurationName = Release;
		};
		9441726D1D88B61500DDF31A /* Build configuration list for PBXNativeTarget "Drones on Ice Mobile" */ = {
			isa = XCConfigurationList;
			buildConfigurations = (
				9441726E1D88B61500DDF31A /* Debug */,
				9441726F1D88B61500DDF31A /* Release */,
			);
			defaultConfigurationIsVisible = 0;
			defaultConfigurationName = Release;
		};
/* End XCConfigurationList section */
	};
	rootObject = 944172531D88B61400DDF31A /* Project object */;
}
