// !$*UTF8*$!
{
	archiveVersion = 1;
	classes = {
	};
	objectVersion = 46;
	objects = {

/* Begin PBXBuildFile section */
		409E4F0B2899F088A0D48B3F /* Pods_Drones_on_Ice_Mobile.framework in Frameworks */ = {isa = PBXBuildFile; fileRef = D3588719F5D98B6FD07B1AAF /* Pods_Drones_on_Ice_Mobile.framework */; };
		9481A7ED1D94A37C007E760F /* AppDelegate.swift in Sources */ = {isa = PBXBuildFile; fileRef = 9481A7EC1D94A37C007E760F /* AppDelegate.swift */; };
		9481A7EF1D94A37C007E760F /* ViewController.swift in Sources */ = {isa = PBXBuildFile; fileRef = 9481A7EE1D94A37C007E760F /* ViewController.swift */; };
		9481A7F21D94A37D007E760F /* Main.storyboard in Resources */ = {isa = PBXBuildFile; fileRef = 9481A7F01D94A37D007E760F /* Main.storyboard */; };
		9481A7F41D94A37D007E760F /* Assets.xcassets in Resources */ = {isa = PBXBuildFile; fileRef = 9481A7F31D94A37D007E760F /* Assets.xcassets */; };
		9481A7F71D94A37D007E760F /* LaunchScreen.storyboard in Resources */ = {isa = PBXBuildFile; fileRef = 9481A7F51D94A37D007E760F /* LaunchScreen.storyboard */; };
		9481A7FF1D96DF73007E760F /* RegisterViewController.swift in Sources */ = {isa = PBXBuildFile; fileRef = 9481A7FE1D96DF73007E760F /* RegisterViewController.swift */; };
		9481A8011D96DF89007E760F /* SignInViewController.swift in Sources */ = {isa = PBXBuildFile; fileRef = 9481A8001D96DF89007E760F /* SignInViewController.swift */; };
		94D83E471D9DCF8E0068560F /* ConfirmationViewController.swift in Sources */ = {isa = PBXBuildFile; fileRef = 94D83E461D9DCF8E0068560F /* ConfirmationViewController.swift */; };
		94D83E491D9E1FC20068560F /* MapKit.framework in Frameworks */ = {isa = PBXBuildFile; fileRef = 94D83E481D9E1FC20068560F /* MapKit.framework */; };
		94DC17171D99E5E900ABB28B /* StartOrderViewController.swift in Sources */ = {isa = PBXBuildFile; fileRef = 94DC17161D99E5E900ABB28B /* StartOrderViewController.swift */; };
/* End PBXBuildFile section */

/* Begin PBXFileReference section */
		213AAC4E01F913011EDEE8CC /* Pods-Drones on Ice Mobile.release.xcconfig */ = {isa = PBXFileReference; includeInIndex = 1; lastKnownFileType = text.xcconfig; name = "Pods-Drones on Ice Mobile.release.xcconfig"; path = "Pods/Target Support Files/Pods-Drones on Ice Mobile/Pods-Drones on Ice Mobile.release.xcconfig"; sourceTree = "<group>"; };
		9481A7E91D94A37C007E760F /* Drones on Ice Mobile.app */ = {isa = PBXFileReference; explicitFileType = wrapper.application; includeInIndex = 0; path = "Drones on Ice Mobile.app"; sourceTree = BUILT_PRODUCTS_DIR; };
		9481A7EC1D94A37C007E760F /* AppDelegate.swift */ = {isa = PBXFileReference; lastKnownFileType = sourcecode.swift; path = AppDelegate.swift; sourceTree = "<group>"; };
		9481A7EE1D94A37C007E760F /* ViewController.swift */ = {isa = PBXFileReference; lastKnownFileType = sourcecode.swift; path = ViewController.swift; sourceTree = "<group>"; };
		9481A7F11D94A37D007E760F /* Base */ = {isa = PBXFileReference; lastKnownFileType = file.storyboard; name = Base; path = Base.lproj/Main.storyboard; sourceTree = "<group>"; };
		9481A7F31D94A37D007E760F /* Assets.xcassets */ = {isa = PBXFileReference; lastKnownFileType = folder.assetcatalog; path = Assets.xcassets; sourceTree = "<group>"; };
		9481A7F61D94A37D007E760F /* Base */ = {isa = PBXFileReference; lastKnownFileType = file.storyboard; name = Base; path = Base.lproj/LaunchScreen.storyboard; sourceTree = "<group>"; };
		9481A7F81D94A37D007E760F /* Info.plist */ = {isa = PBXFileReference; lastKnownFileType = text.plist.xml; path = Info.plist; sourceTree = "<group>"; };
		9481A7FE1D96DF73007E760F /* RegisterViewController.swift */ = {isa = PBXFileReference; fileEncoding = 4; lastKnownFileType = sourcecode.swift; path = RegisterViewController.swift; sourceTree = "<group>"; };
		9481A8001D96DF89007E760F /* SignInViewController.swift */ = {isa = PBXFileReference; fileEncoding = 4; lastKnownFileType = sourcecode.swift; name = SignInViewController.swift; path = ../SignInViewController.swift; sourceTree = "<group>"; };
		94D83E461D9DCF8E0068560F /* ConfirmationViewController.swift */ = {isa = PBXFileReference; fileEncoding = 4; lastKnownFileType = sourcecode.swift; path = ConfirmationViewController.swift; sourceTree = "<group>"; };
		94D83E481D9E1FC20068560F /* MapKit.framework */ = {isa = PBXFileReference; lastKnownFileType = wrapper.framework; name = MapKit.framework; path = System/Library/Frameworks/MapKit.framework; sourceTree = SDKROOT; };
		94DC17161D99E5E900ABB28B /* StartOrderViewController.swift */ = {isa = PBXFileReference; fileEncoding = 4; lastKnownFileType = sourcecode.swift; path = StartOrderViewController.swift; sourceTree = "<group>"; };
		94DC17181D99FD2500ABB28B /* Drones on Ice Mobile.entitlements */ = {isa = PBXFileReference; lastKnownFileType = text.plist.entitlements; path = "Drones on Ice Mobile.entitlements"; sourceTree = "<group>"; };
		D3588719F5D98B6FD07B1AAF /* Pods_Drones_on_Ice_Mobile.framework */ = {isa = PBXFileReference; explicitFileType = wrapper.framework; includeInIndex = 0; path = Pods_Drones_on_Ice_Mobile.framework; sourceTree = BUILT_PRODUCTS_DIR; };
		E9DE19EEEC0ADEDA437161EC /* Pods-Drones on Ice Mobile.debug.xcconfig */ = {isa = PBXFileReference; includeInIndex = 1; lastKnownFileType = text.xcconfig; name = "Pods-Drones on Ice Mobile.debug.xcconfig"; path = "Pods/Target Support Files/Pods-Drones on Ice Mobile/Pods-Drones on Ice Mobile.debug.xcconfig"; sourceTree = "<group>"; };
/* End PBXFileReference section */

/* Begin PBXFrameworksBuildPhase section */
		9481A7E61D94A37C007E760F /* Frameworks */ = {
			isa = PBXFrameworksBuildPhase;
			buildActionMask = 2147483647;
			files = (
				94D83E491D9E1FC20068560F /* MapKit.framework in Frameworks */,
				409E4F0B2899F088A0D48B3F /* Pods_Drones_on_Ice_Mobile.framework in Frameworks */,
			);
			runOnlyForDeploymentPostprocessing = 0;
		};
/* End PBXFrameworksBuildPhase section */

/* Begin PBXGroup section */
		79C8D47FE89EF9BA7E1D2EFD /* Frameworks */ = {
			isa = PBXGroup;
			children = (
				94D83E481D9E1FC20068560F /* MapKit.framework */,
				D3588719F5D98B6FD07B1AAF /* Pods_Drones_on_Ice_Mobile.framework */,
			);
			name = Frameworks;
			sourceTree = "<group>";
		};
		9481A7E01D94A37C007E760F = {
			isa = PBXGroup;
			children = (
				9481A7EB1D94A37C007E760F /* Drones on Ice Mobile */,
				9481A7EA1D94A37C007E760F /* Products */,
				AF9798ECED5342BDDA60D40A /* Pods */,
				79C8D47FE89EF9BA7E1D2EFD /* Frameworks */,
			);
			sourceTree = "<group>";
		};
		9481A7EA1D94A37C007E760F /* Products */ = {
			isa = PBXGroup;
			children = (
				9481A7E91D94A37C007E760F /* Drones on Ice Mobile.app */,
			);
			name = Products;
			sourceTree = "<group>";
		};
		9481A7EB1D94A37C007E760F /* Drones on Ice Mobile */ = {
			isa = PBXGroup;
			children = (
				94DC17181D99FD2500ABB28B /* Drones on Ice Mobile.entitlements */,
				9481A8001D96DF89007E760F /* SignInViewController.swift */,
				9481A7FE1D96DF73007E760F /* RegisterViewController.swift */,
				9481A7EC1D94A37C007E760F /* AppDelegate.swift */,
				9481A7EE1D94A37C007E760F /* ViewController.swift */,
				9481A7F01D94A37D007E760F /* Main.storyboard */,
				94DC17161D99E5E900ABB28B /* StartOrderViewController.swift */,
				94D83E461D9DCF8E0068560F /* ConfirmationViewController.swift */,
				9481A7F31D94A37D007E760F /* Assets.xcassets */,
				9481A7F51D94A37D007E760F /* LaunchScreen.storyboard */,
				9481A7F81D94A37D007E760F /* Info.plist */,
			);
			path = "Drones on Ice Mobile";
			sourceTree = "<group>";
		};
		AF9798ECED5342BDDA60D40A /* Pods */ = {
			isa = PBXGroup;
			children = (
				E9DE19EEEC0ADEDA437161EC /* Pods-Drones on Ice Mobile.debug.xcconfig */,
				213AAC4E01F913011EDEE8CC /* Pods-Drones on Ice Mobile.release.xcconfig */,
			);
			name = Pods;
			sourceTree = "<group>";
		};
/* End PBXGroup section */

/* Begin PBXNativeTarget section */
		9481A7E81D94A37C007E760F /* Drones on Ice Mobile */ = {
			isa = PBXNativeTarget;
			buildConfigurationList = 9481A7FB1D94A37D007E760F /* Build configuration list for PBXNativeTarget "Drones on Ice Mobile" */;
			buildPhases = (
				3CEAB2C337A799EFAA410480 /* [CP] Check Pods Manifest.lock */,
				9481A7E51D94A37C007E760F /* Sources */,
				9481A7E61D94A37C007E760F /* Frameworks */,
				9481A7E71D94A37C007E760F /* Resources */,
				3AC914C8E2642E7E423B935B /* [CP] Embed Pods Frameworks */,
				3675E150B6A70F778A2CB34D /* [CP] Copy Pods Resources */,
			);
			buildRules = (
			);
			dependencies = (
			);
			name = "Drones on Ice Mobile";
			productName = "Drones on Ice Mobile";
			productReference = 9481A7E91D94A37C007E760F /* Drones on Ice Mobile.app */;
			productType = "com.apple.product-type.application";
		};
/* End PBXNativeTarget section */

/* Begin PBXProject section */
		9481A7E11D94A37C007E760F /* Project object */ = {
			isa = PBXProject;
			attributes = {
				LastSwiftUpdateCheck = 0800;
				LastUpgradeCheck = 0800;
				ORGANIZATIONNAME = "Adam Tyler";
				TargetAttributes = {
					9481A7E81D94A37C007E760F = {
						CreatedOnToolsVersion = 8.0;
						DevelopmentTeam = DUR727DJC3;
						ProvisioningStyle = Automatic;
						SystemCapabilities = {
							com.apple.ApplePay = {
								enabled = 1;
							};
							com.apple.Maps.iOS = {
								enabled = 1;
							};
						};
					};
				};
			};
			buildConfigurationList = 9481A7E41D94A37C007E760F /* Build configuration list for PBXProject "Drones on Ice Mobile" */;
			compatibilityVersion = "Xcode 3.2";
			developmentRegion = English;
			hasScannedForEncodings = 0;
			knownRegions = (
				en,
				Base,
			);
			mainGroup = 9481A7E01D94A37C007E760F;
			productRefGroup = 9481A7EA1D94A37C007E760F /* Products */;
			projectDirPath = "";
			projectRoot = "";
			targets = (
				9481A7E81D94A37C007E760F /* Drones on Ice Mobile */,
			);
		};
/* End PBXProject section */

/* Begin PBXResourcesBuildPhase section */
		9481A7E71D94A37C007E760F /* Resources */ = {
			isa = PBXResourcesBuildPhase;
			buildActionMask = 2147483647;
			files = (
				9481A7F71D94A37D007E760F /* LaunchScreen.storyboard in Resources */,
				9481A7F41D94A37D007E760F /* Assets.xcassets in Resources */,
				9481A7F21D94A37D007E760F /* Main.storyboard in Resources */,
			);
			runOnlyForDeploymentPostprocessing = 0;
		};
/* End PBXResourcesBuildPhase section */

/* Begin PBXShellScriptBuildPhase section */
		3675E150B6A70F778A2CB34D /* [CP] Copy Pods Resources */ = {
			isa = PBXShellScriptBuildPhase;
			buildActionMask = 2147483647;
			files = (
			);
			inputPaths = (
			);
			name = "[CP] Copy Pods Resources";
			outputPaths = (
			);
			runOnlyForDeploymentPostprocessing = 0;
			shellPath = /bin/sh;
			shellScript = "\"${SRCROOT}/Pods/Target Support Files/Pods-Drones on Ice Mobile/Pods-Drones on Ice Mobile-resources.sh\"\n";
			showEnvVarsInLog = 0;
		};
		3AC914C8E2642E7E423B935B /* [CP] Embed Pods Frameworks */ = {
			isa = PBXShellScriptBuildPhase;
			buildActionMask = 2147483647;
			files = (
			);
			inputPaths = (
			);
			name = "[CP] Embed Pods Frameworks";
			outputPaths = (
			);
			runOnlyForDeploymentPostprocessing = 0;
			shellPath = /bin/sh;
			shellScript = "\"${SRCROOT}/Pods/Target Support Files/Pods-Drones on Ice Mobile/Pods-Drones on Ice Mobile-frameworks.sh\"\n";
			showEnvVarsInLog = 0;
		};
		3CEAB2C337A799EFAA410480 /* [CP] Check Pods Manifest.lock */ = {
			isa = PBXShellScriptBuildPhase;
			buildActionMask = 2147483647;
			files = (
			);
			inputPaths = (
			);
			name = "[CP] Check Pods Manifest.lock";
			outputPaths = (
			);
			runOnlyForDeploymentPostprocessing = 0;
			shellPath = /bin/sh;
			shellScript = "diff \"${PODS_ROOT}/../Podfile.lock\" \"${PODS_ROOT}/Manifest.lock\" > /dev/null\nif [[ $? != 0 ]] ; then\n    cat << EOM\nerror: The sandbox is not in sync with the Podfile.lock. Run 'pod install' or update your CocoaPods installation.\nEOM\n    exit 1\nfi\n";
			showEnvVarsInLog = 0;
		};
/* End PBXShellScriptBuildPhase section */

/* Begin PBXSourcesBuildPhase section */
		9481A7E51D94A37C007E760F /* Sources */ = {
			isa = PBXSourcesBuildPhase;
			buildActionMask = 2147483647;
			files = (
				94D83E471D9DCF8E0068560F /* ConfirmationViewController.swift in Sources */,
				94DC17171D99E5E900ABB28B /* StartOrderViewController.swift in Sources */,
				9481A8011D96DF89007E760F /* SignInViewController.swift in Sources */,
				9481A7FF1D96DF73007E760F /* RegisterViewController.swift in Sources */,
				9481A7EF1D94A37C007E760F /* ViewController.swift in Sources */,
				9481A7ED1D94A37C007E760F /* AppDelegate.swift in Sources */,
			);
			runOnlyForDeploymentPostprocessing = 0;
		};
/* End PBXSourcesBuildPhase section */

/* Begin PBXVariantGroup section */
		9481A7F01D94A37D007E760F /* Main.storyboard */ = {
			isa = PBXVariantGroup;
			children = (
				9481A7F11D94A37D007E760F /* Base */,
			);
			name = Main.storyboard;
			sourceTree = "<group>";
		};
		9481A7F51D94A37D007E760F /* LaunchScreen.storyboard */ = {
			isa = PBXVariantGroup;
			children = (
				9481A7F61D94A37D007E760F /* Base */,
			);
			name = LaunchScreen.storyboard;
			sourceTree = "<group>";
		};
/* End PBXVariantGroup section */

/* Begin XCBuildConfiguration section */
		9481A7F91D94A37D007E760F /* Debug */ = {
			isa = XCBuildConfiguration;
			buildSettings = {
				ALWAYS_SEARCH_USER_PATHS = NO;
				CLANG_ANALYZER_NONNULL = YES;
				CLANG_CXX_LANGUAGE_STANDARD = "gnu++0x";
				CLANG_CXX_LIBRARY = "libc++";
				CLANG_ENABLE_MODULES = YES;
				CLANG_ENABLE_OBJC_ARC = YES;
				CLANG_WARN_BOOL_CONVERSION = YES;
				CLANG_WARN_CONSTANT_CONVERSION = YES;
				CLANG_WARN_DIRECT_OBJC_ISA_USAGE = YES_ERROR;
				CLANG_WARN_DOCUMENTATION_COMMENTS = YES;
				CLANG_WARN_EMPTY_BODY = YES;
				CLANG_WARN_ENUM_CONVERSION = YES;
				CLANG_WARN_INFINITE_RECURSION = YES;
				CLANG_WARN_INT_CONVERSION = YES;
				CLANG_WARN_OBJC_ROOT_CLASS = YES_ERROR;
				CLANG_WARN_SUSPICIOUS_MOVES = YES;
				CLANG_WARN_UNREACHABLE_CODE = YES;
				CLANG_WARN__DUPLICATE_METHOD_MATCH = YES;
				"CODE_SIGN_IDENTITY[sdk=iphoneos*]" = "iPhone Developer";
				COPY_PHASE_STRIP = NO;
				DEBUG_INFORMATION_FORMAT = dwarf;
				ENABLE_STRICT_OBJC_MSGSEND = YES;
				ENABLE_TESTABILITY = YES;
				GCC_C_LANGUAGE_STANDARD = gnu99;
				GCC_DYNAMIC_NO_PIC = NO;
				GCC_NO_COMMON_BLOCKS = YES;
				GCC_OPTIMIZATION_LEVEL = 0;
				GCC_PREPROCESSOR_DEFINITIONS = (
					"DEBUG=1",
					"$(inherited)",
				);
				GCC_WARN_64_TO_32_BIT_CONVERSION = YES;
				GCC_WARN_ABOUT_RETURN_TYPE = YES_ERROR;
				GCC_WARN_UNDECLARED_SELECTOR = YES;
				GCC_WARN_UNINITIALIZED_AUTOS = YES_AGGRESSIVE;
				GCC_WARN_UNUSED_FUNCTION = YES;
				GCC_WARN_UNUSED_VARIABLE = YES;
				IPHONEOS_DEPLOYMENT_TARGET = 10.0;
				MTL_ENABLE_DEBUG_INFO = YES;
				ONLY_ACTIVE_ARCH = YES;
				SDKROOT = iphoneos;
				SWIFT_ACTIVE_COMPILATION_CONDITIONS = DEBUG;
				SWIFT_OPTIMIZATION_LEVEL = "-Onone";
			};
			name = Debug;
		};
		9481A7FA1D94A37D007E760F /* Release */ = {
			isa = XCBuildConfiguration;
			buildSettings = {
				ALWAYS_SEARCH_USER_PATHS = NO;
				CLANG_ANALYZER_NONNULL = YES;
				CLANG_CXX_LANGUAGE_STANDARD = "gnu++0x";
				CLANG_CXX_LIBRARY = "libc++";
				CLANG_ENABLE_MODULES = YES;
				CLANG_ENABLE_OBJC_ARC = YES;
				CLANG_WARN_BOOL_CONVERSION = YES;
				CLANG_WARN_CONSTANT_CONVERSION = YES;
				CLANG_WARN_DIRECT_OBJC_ISA_USAGE = YES_ERROR;
				CLANG_WARN_DOCUMENTATION_COMMENTS = YES;
				CLANG_WARN_EMPTY_BODY = YES;
				CLANG_WARN_ENUM_CONVERSION = YES;
				CLANG_WARN_INFINITE_RECURSION = YES;
				CLANG_WARN_INT_CONVERSION = YES;
				CLANG_WARN_OBJC_ROOT_CLASS = YES_ERROR;
				CLANG_WARN_SUSPICIOUS_MOVES = YES;
				CLANG_WARN_UNREACHABLE_CODE = YES;
				CLANG_WARN__DUPLICATE_METHOD_MATCH = YES;
				"CODE_SIGN_IDENTITY[sdk=iphoneos*]" = "iPhone Developer";
				COPY_PHASE_STRIP = NO;
				DEBUG_INFORMATION_FORMAT = "dwarf-with-dsym";
				ENABLE_NS_ASSERTIONS = NO;
				ENABLE_STRICT_OBJC_MSGSEND = YES;
				GCC_C_LANGUAGE_STANDARD = gnu99;
				GCC_NO_COMMON_BLOCKS = YES;
				GCC_WARN_64_TO_32_BIT_CONVERSION = YES;
				GCC_WARN_ABOUT_RETURN_TYPE = YES_ERROR;
				GCC_WARN_UNDECLARED_SELECTOR = YES;
				GCC_WARN_UNINITIALIZED_AUTOS = YES_AGGRESSIVE;
				GCC_WARN_UNUSED_FUNCTION = YES;
				GCC_WARN_UNUSED_VARIABLE = YES;
				IPHONEOS_DEPLOYMENT_TARGET = 10.0;
				MTL_ENABLE_DEBUG_INFO = NO;
				SDKROOT = iphoneos;
				SWIFT_OPTIMIZATION_LEVEL = "-Owholemodule";
				VALIDATE_PRODUCT = YES;
			};
			name = Release;
		};
		9481A7FC1D94A37D007E760F /* Debug */ = {
			isa = XCBuildConfiguration;
			baseConfigurationReference = E9DE19EEEC0ADEDA437161EC /* Pods-Drones on Ice Mobile.debug.xcconfig */;
			buildSettings = {
				ASSETCATALOG_COMPILER_APPICON_NAME = AppIcon;
				CODE_SIGN_ENTITLEMENTS = "Drones on Ice Mobile/Drones on Ice Mobile.entitlements";
				DEVELOPMENT_TEAM = DUR727DJC3;
				INFOPLIST_FILE = "Drones on Ice Mobile/Info.plist";
				LD_RUNPATH_SEARCH_PATHS = "$(inherited) @executable_path/Frameworks";
				PRODUCT_BUNDLE_IDENTIFIER = "us.adamtyler.Drones-on-Ice-Mobile";
				PRODUCT_NAME = "$(TARGET_NAME)";
				SWIFT_VERSION = 3.0;
			};
			name = Debug;
		};
		9481A7FD1D94A37D007E760F /* Release */ = {
			isa = XCBuildConfiguration;
			baseConfigurationReference = 213AAC4E01F913011EDEE8CC /* Pods-Drones on Ice Mobile.release.xcconfig */;
			buildSettings = {
				ASSETCATALOG_COMPILER_APPICON_NAME = AppIcon;
				CODE_SIGN_ENTITLEMENTS = "Drones on Ice Mobile/Drones on Ice Mobile.entitlements";
				DEVELOPMENT_TEAM = DUR727DJC3;
				INFOPLIST_FILE = "Drones on Ice Mobile/Info.plist";
				LD_RUNPATH_SEARCH_PATHS = "$(inherited) @executable_path/Frameworks";
				PRODUCT_BUNDLE_IDENTIFIER = "us.adamtyler.Drones-on-Ice-Mobile";
				PRODUCT_NAME = "$(TARGET_NAME)";
				SWIFT_VERSION = 3.0;
			};
			name = Release;
		};
/* End XCBuildConfiguration section */

/* Begin XCConfigurationList section */
		9481A7E41D94A37C007E760F /* Build configuration list for PBXProject "Drones on Ice Mobile" */ = {
			isa = XCConfigurationList;
			buildConfigurations = (
				9481A7F91D94A37D007E760F /* Debug */,
				9481A7FA1D94A37D007E760F /* Release */,
			);
			defaultConfigurationIsVisible = 0;
			defaultConfigurationName = Release;
		};
		9481A7FB1D94A37D007E760F /* Build configuration list for PBXNativeTarget "Drones on Ice Mobile" */ = {
			isa = XCConfigurationList;
			buildConfigurations = (
				9481A7FC1D94A37D007E760F /* Debug */,
				9481A7FD1D94A37D007E760F /* Release */,
			);
			defaultConfigurationIsVisible = 0;
			defaultConfigurationName = Release;
		};
/* End XCConfigurationList section */
	};
	rootObject = 9481A7E11D94A37C007E760F /* Project object */;
}
